
Microsoft Visual Studio Solution File, Format Version 12.00
# Visual Studio Version 17
VisualStudioVersion = 17.11.35327.3
MinimumVisualStudioVersion = 10.0.40219.1
Project("{F184B08F-C81C-45F6-A57F-5ABD9991F28F}") = "appliance management system", "appliance management system\appliance management system.vbproj", "{6DDD0716-D096-44EC-872A-A76A1C6ED327}"
EndProject
Global
	GlobalSection(SolutionConfigurationPlatforms) = preSolution
		Debug|Any CPU = Debug|Any CPU
		Release|Any CPU = Release|Any CPU
	EndGlobalSection
	GlobalSection(ProjectConfigurationPlatforms) = postSolution
		{6DDD0716-D096-44EC-872A-A76A1C6ED327}.Debug|Any CPU.ActiveCfg = Debug|Any CPU
		{6DDD0716-D096-44EC-872A-A76A1C6ED327}.Debug|Any CPU.Build.0 = Debug|Any CPU
		{6DDD0716-D096-44EC-872A-A76A1C6ED327}.Release|Any CPU.ActiveCfg = Release|Any CPU
		{6DDD0716-D096-44EC-872A-A76A1C6ED327}.Release|Any CPU.Build.0 = Release|Any CPU
	EndGlobalSection
	GlobalSection(SolutionProperties) = preSolution
		HideSolutionNode = FALSE
	EndGlobalSection
	GlobalSection(ExtensibilityGlobals) = postSolution
		SolutionGuid = {D94BB5AD-8CB4-4CB8-81A8-CDE9AE98BA70}
	EndGlobalSection
EndGlobal
